// !$*UTF8*$!
{
	archiveVersion = 1;
	classes = {
	};
	objectVersion = 51;
	objects = {

/* Begin PBXBuildFile section */
		6F315BC022D1083300360BBC /* AppDelegate.swift in Sources */ = {isa = PBXBuildFile; fileRef = 6F315BBF22D1083300360BBC /* AppDelegate.swift */; };
		6F315BCA22D1083400360BBC /* Assets.xcassets in Resources */ = {isa = PBXBuildFile; fileRef = 6F315BC922D1083400360BBC /* Assets.xcassets */; };
		6F315BCD22D1083400360BBC /* LaunchScreen.storyboard in Resources */ = {isa = PBXBuildFile; fileRef = 6F315BCB22D1083400360BBC /* LaunchScreen.storyboard */; };
		6F315BD822D1083400360BBC /* ChuckNorrisJokesAppReduxTests.swift in Sources */ = {isa = PBXBuildFile; fileRef = 6F315BD722D1083400360BBC /* ChuckNorrisJokesAppReduxTests.swift */; };
		6F315BE322D1083400360BBC /* ChuckNorrisJokesAppReduxUITests.swift in Sources */ = {isa = PBXBuildFile; fileRef = 6F315BE222D1083400360BBC /* ChuckNorrisJokesAppReduxUITests.swift */; };
		6F315BF422D10A2D00360BBC /* JokeController.swift in Sources */ = {isa = PBXBuildFile; fileRef = 6F315BF322D10A2D00360BBC /* JokeController.swift */; };
		6F315BF622D10A4A00360BBC /* MainController.swift in Sources */ = {isa = PBXBuildFile; fileRef = 6F315BF522D10A4A00360BBC /* MainController.swift */; };
		6F315BF922D10B0300360BBC /* JokesController.swift in Sources */ = {isa = PBXBuildFile; fileRef = 6F315BF822D10B0300360BBC /* JokesController.swift */; };
		6F315BFC22D10BD900360BBC /* JokeService.swift in Sources */ = {isa = PBXBuildFile; fileRef = 6F315BFB22D10BD900360BBC /* JokeService.swift */; };
		6F315C0122D10E1100360BBC /* AppState.swift in Sources */ = {isa = PBXBuildFile; fileRef = 6F315C0022D10E1100360BBC /* AppState.swift */; };
		6F315C0322D10E2200360BBC /* AppReducer.swift in Sources */ = {isa = PBXBuildFile; fileRef = 6F315C0222D10E2200360BBC /* AppReducer.swift */; };
		6F315C0622D10E5100360BBC /* Store.swift in Sources */ = {isa = PBXBuildFile; fileRef = 6F315C0522D10E5100360BBC /* Store.swift */; };
		6F315C0922D10F5000360BBC /* JokeState.swift in Sources */ = {isa = PBXBuildFile; fileRef = 6F315C0822D10F5000360BBC /* JokeState.swift */; };
		6F315C2422D1162400360BBC /* Joke.swift in Sources */ = {isa = PBXBuildFile; fileRef = 6F315C2022D1162400360BBC /* Joke.swift */; };
		6F315C2922D118D100360BBC /* JokeActions.swift in Sources */ = {isa = PBXBuildFile; fileRef = 6F315C2822D118D100360BBC /* JokeActions.swift */; };
		6F315C2B22D11B3200360BBC /* JokesReducer.swift in Sources */ = {isa = PBXBuildFile; fileRef = 6F315C2A22D11B3200360BBC /* JokesReducer.swift */; };
		6F315C2F22D128EF00360BBC /* UITableViewCellExtension.swift in Sources */ = {isa = PBXBuildFile; fileRef = 6F315C2E22D128EF00360BBC /* UITableViewCellExtension.swift */; };
		6F315C3122D129D600360BBC /* UITableViewExtension.swift in Sources */ = {isa = PBXBuildFile; fileRef = 6F315C3022D129D600360BBC /* UITableViewExtension.swift */; };
		6F315C3322D12A8300360BBC /* JokeDetailsCell.swift in Sources */ = {isa = PBXBuildFile; fileRef = 6F315C3222D12A8300360BBC /* JokeDetailsCell.swift */; };
		6F315C3522D12E0400360BBC /* Spacing.swift in Sources */ = {isa = PBXBuildFile; fileRef = 6F315C3422D12E0400360BBC /* Spacing.swift */; };
		CF3006CEF90586BB36C62672 /* Pods_ChuckNorrisJokesAppReduxTests.framework in Frameworks */ = {isa = PBXBuildFile; fileRef = 0F4B475701044C5161402A77 /* Pods_ChuckNorrisJokesAppReduxTests.framework */; };
		EEEE08C42A5163BE24D46E97 /* Pods_ChuckNorrisJokesAppRedux.framework in Frameworks */ = {isa = PBXBuildFile; fileRef = 890B4E7DC455C9C0C6563E5A /* Pods_ChuckNorrisJokesAppRedux.framework */; };
		FEA8B21182F797D40D63DC24 /* Pods_ChuckNorrisJokesAppReduxUITests.framework in Frameworks */ = {isa = PBXBuildFile; fileRef = 2462C51A9129F0118D3593E6 /* Pods_ChuckNorrisJokesAppReduxUITests.framework */; };
/* End PBXBuildFile section */

/* Begin PBXContainerItemProxy section */
		6F315BD422D1083400360BBC /* PBXContainerItemProxy */ = {
			isa = PBXContainerItemProxy;
			containerPortal = 6F315BB422D1083300360BBC /* Project object */;
			proxyType = 1;
			remoteGlobalIDString = 6F315BBB22D1083300360BBC;
			remoteInfo = ChuckNorrisJokesAppRedux;
		};
		6F315BDF22D1083400360BBC /* PBXContainerItemProxy */ = {
			isa = PBXContainerItemProxy;
			containerPortal = 6F315BB422D1083300360BBC /* Project object */;
			proxyType = 1;
			remoteGlobalIDString = 6F315BBB22D1083300360BBC;
			remoteInfo = ChuckNorrisJokesAppRedux;
		};
/* End PBXContainerItemProxy section */

/* Begin PBXFileReference section */
		0F4B475701044C5161402A77 /* Pods_ChuckNorrisJokesAppReduxTests.framework */ = {isa = PBXFileReference; explicitFileType = wrapper.framework; includeInIndex = 0; path = Pods_ChuckNorrisJokesAppReduxTests.framework; sourceTree = BUILT_PRODUCTS_DIR; };
		2462C51A9129F0118D3593E6 /* Pods_ChuckNorrisJokesAppReduxUITests.framework */ = {isa = PBXFileReference; explicitFileType = wrapper.framework; includeInIndex = 0; path = Pods_ChuckNorrisJokesAppReduxUITests.framework; sourceTree = BUILT_PRODUCTS_DIR; };
		26FE2E3C4AEDA8EA7E102E1F /* Pods-ChuckNorrisJokesAppReduxTests.debug.xcconfig */ = {isa = PBXFileReference; includeInIndex = 1; lastKnownFileType = text.xcconfig; name = "Pods-ChuckNorrisJokesAppReduxTests.debug.xcconfig"; path = "Target Support Files/Pods-ChuckNorrisJokesAppReduxTests/Pods-ChuckNorrisJokesAppReduxTests.debug.xcconfig"; sourceTree = "<group>"; };
		3242D8BA9E78D3CF487C55C3 /* Pods-ChuckNorrisJokesAppReduxTests.release.xcconfig */ = {isa = PBXFileReference; includeInIndex = 1; lastKnownFileType = text.xcconfig; name = "Pods-ChuckNorrisJokesAppReduxTests.release.xcconfig"; path = "Target Support Files/Pods-ChuckNorrisJokesAppReduxTests/Pods-ChuckNorrisJokesAppReduxTests.release.xcconfig"; sourceTree = "<group>"; };
		451387F0A7F35B50C787C985 /* Pods-ChuckNorrisJokesAppRedux.release.xcconfig */ = {isa = PBXFileReference; includeInIndex = 1; lastKnownFileType = text.xcconfig; name = "Pods-ChuckNorrisJokesAppRedux.release.xcconfig"; path = "Target Support Files/Pods-ChuckNorrisJokesAppRedux/Pods-ChuckNorrisJokesAppRedux.release.xcconfig"; sourceTree = "<group>"; };
		4994C486512D8A50D2FBD074 /* Pods-ChuckNorrisJokesAppRedux.debug.xcconfig */ = {isa = PBXFileReference; includeInIndex = 1; lastKnownFileType = text.xcconfig; name = "Pods-ChuckNorrisJokesAppRedux.debug.xcconfig"; path = "Target Support Files/Pods-ChuckNorrisJokesAppRedux/Pods-ChuckNorrisJokesAppRedux.debug.xcconfig"; sourceTree = "<group>"; };
		4E51473047F1A8CEFC681FBD /* Pods-ChuckNorrisJokesAppReduxUITests.release.xcconfig */ = {isa = PBXFileReference; includeInIndex = 1; lastKnownFileType = text.xcconfig; name = "Pods-ChuckNorrisJokesAppReduxUITests.release.xcconfig"; path = "Target Support Files/Pods-ChuckNorrisJokesAppReduxUITests/Pods-ChuckNorrisJokesAppReduxUITests.release.xcconfig"; sourceTree = "<group>"; };
		6F315BBC22D1083300360BBC /* ChuckNorrisJokesAppRedux.app */ = {isa = PBXFileReference; explicitFileType = wrapper.application; includeInIndex = 0; path = ChuckNorrisJokesAppRedux.app; sourceTree = BUILT_PRODUCTS_DIR; };
		6F315BBF22D1083300360BBC /* AppDelegate.swift */ = {isa = PBXFileReference; lastKnownFileType = sourcecode.swift; path = AppDelegate.swift; sourceTree = "<group>"; };
		6F315BC922D1083400360BBC /* Assets.xcassets */ = {isa = PBXFileReference; lastKnownFileType = folder.assetcatalog; path = Assets.xcassets; sourceTree = "<group>"; };
		6F315BCC22D1083400360BBC /* Base */ = {isa = PBXFileReference; lastKnownFileType = file.storyboard; name = Base; path = Base.lproj/LaunchScreen.storyboard; sourceTree = "<group>"; };
		6F315BCE22D1083400360BBC /* Info.plist */ = {isa = PBXFileReference; lastKnownFileType = text.plist.xml; path = Info.plist; sourceTree = "<group>"; };
		6F315BD322D1083400360BBC /* ChuckNorrisJokesAppReduxTests.xctest */ = {isa = PBXFileReference; explicitFileType = wrapper.cfbundle; includeInIndex = 0; path = ChuckNorrisJokesAppReduxTests.xctest; sourceTree = BUILT_PRODUCTS_DIR; };
		6F315BD722D1083400360BBC /* ChuckNorrisJokesAppReduxTests.swift */ = {isa = PBXFileReference; lastKnownFileType = sourcecode.swift; path = ChuckNorrisJokesAppReduxTests.swift; sourceTree = "<group>"; };
		6F315BD922D1083400360BBC /* Info.plist */ = {isa = PBXFileReference; lastKnownFileType = text.plist.xml; path = Info.plist; sourceTree = "<group>"; };
		6F315BDE22D1083400360BBC /* ChuckNorrisJokesAppReduxUITests.xctest */ = {isa = PBXFileReference; explicitFileType = wrapper.cfbundle; includeInIndex = 0; path = ChuckNorrisJokesAppReduxUITests.xctest; sourceTree = BUILT_PRODUCTS_DIR; };
		6F315BE222D1083400360BBC /* ChuckNorrisJokesAppReduxUITests.swift */ = {isa = PBXFileReference; lastKnownFileType = sourcecode.swift; path = ChuckNorrisJokesAppReduxUITests.swift; sourceTree = "<group>"; };
		6F315BE422D1083400360BBC /* Info.plist */ = {isa = PBXFileReference; lastKnownFileType = text.plist.xml; path = Info.plist; sourceTree = "<group>"; };
		6F315BF322D10A2D00360BBC /* JokeController.swift */ = {isa = PBXFileReference; lastKnownFileType = sourcecode.swift; path = JokeController.swift; sourceTree = "<group>"; };
		6F315BF522D10A4A00360BBC /* MainController.swift */ = {isa = PBXFileReference; lastKnownFileType = sourcecode.swift; path = MainController.swift; sourceTree = "<group>"; };
		6F315BF822D10B0300360BBC /* JokesController.swift */ = {isa = PBXFileReference; lastKnownFileType = sourcecode.swift; path = JokesController.swift; sourceTree = "<group>"; };
		6F315BFB22D10BD900360BBC /* JokeService.swift */ = {isa = PBXFileReference; lastKnownFileType = sourcecode.swift; path = JokeService.swift; sourceTree = "<group>"; };
		6F315C0022D10E1100360BBC /* AppState.swift */ = {isa = PBXFileReference; lastKnownFileType = sourcecode.swift; path = AppState.swift; sourceTree = "<group>"; };
		6F315C0222D10E2200360BBC /* AppReducer.swift */ = {isa = PBXFileReference; lastKnownFileType = sourcecode.swift; path = AppReducer.swift; sourceTree = "<group>"; };
		6F315C0522D10E5100360BBC /* Store.swift */ = {isa = PBXFileReference; lastKnownFileType = sourcecode.swift; path = Store.swift; sourceTree = "<group>"; };
		6F315C0822D10F5000360BBC /* JokeState.swift */ = {isa = PBXFileReference; lastKnownFileType = sourcecode.swift; path = JokeState.swift; sourceTree = "<group>"; };
		6F315C2022D1162400360BBC /* Joke.swift */ = {isa = PBXFileReference; fileEncoding = 4; lastKnownFileType = sourcecode.swift; path = Joke.swift; sourceTree = "<group>"; };
		6F315C2822D118D100360BBC /* JokeActions.swift */ = {isa = PBXFileReference; lastKnownFileType = sourcecode.swift; path = JokeActions.swift; sourceTree = "<group>"; };
		6F315C2A22D11B3200360BBC /* JokesReducer.swift */ = {isa = PBXFileReference; lastKnownFileType = sourcecode.swift; path = JokesReducer.swift; sourceTree = "<group>"; };
		6F315C2E22D128EF00360BBC /* UITableViewCellExtension.swift */ = {isa = PBXFileReference; lastKnownFileType = sourcecode.swift; path = UITableViewCellExtension.swift; sourceTree = "<group>"; };
		6F315C3022D129D600360BBC /* UITableViewExtension.swift */ = {isa = PBXFileReference; lastKnownFileType = sourcecode.swift; path = UITableViewExtension.swift; sourceTree = "<group>"; };
		6F315C3222D12A8300360BBC /* JokeDetailsCell.swift */ = {isa = PBXFileReference; lastKnownFileType = sourcecode.swift; path = JokeDetailsCell.swift; sourceTree = "<group>"; };
		6F315C3422D12E0400360BBC /* Spacing.swift */ = {isa = PBXFileReference; lastKnownFileType = sourcecode.swift; path = Spacing.swift; sourceTree = "<group>"; };
		890B4E7DC455C9C0C6563E5A /* Pods_ChuckNorrisJokesAppRedux.framework */ = {isa = PBXFileReference; explicitFileType = wrapper.framework; includeInIndex = 0; path = Pods_ChuckNorrisJokesAppRedux.framework; sourceTree = BUILT_PRODUCTS_DIR; };
		BEA91E1618D52C74CC45375E /* Pods-ChuckNorrisJokesAppReduxUITests.debug.xcconfig */ = {isa = PBXFileReference; includeInIndex = 1; lastKnownFileType = text.xcconfig; name = "Pods-ChuckNorrisJokesAppReduxUITests.debug.xcconfig"; path = "Target Support Files/Pods-ChuckNorrisJokesAppReduxUITests/Pods-ChuckNorrisJokesAppReduxUITests.debug.xcconfig"; sourceTree = "<group>"; };
/* End PBXFileReference section */

/* Begin PBXFrameworksBuildPhase section */
		6F315BB922D1083300360BBC /* Frameworks */ = {
			isa = PBXFrameworksBuildPhase;
			buildActionMask = 2147483647;
			files = (
				EEEE08C42A5163BE24D46E97 /* Pods_ChuckNorrisJokesAppRedux.framework in Frameworks */,
			);
			runOnlyForDeploymentPostprocessing = 0;
		};
		6F315BD022D1083400360BBC /* Frameworks */ = {
			isa = PBXFrameworksBuildPhase;
			buildActionMask = 2147483647;
			files = (
				CF3006CEF90586BB36C62672 /* Pods_ChuckNorrisJokesAppReduxTests.framework in Frameworks */,
			);
			runOnlyForDeploymentPostprocessing = 0;
		};
		6F315BDB22D1083400360BBC /* Frameworks */ = {
			isa = PBXFrameworksBuildPhase;
			buildActionMask = 2147483647;
			files = (
				FEA8B21182F797D40D63DC24 /* Pods_ChuckNorrisJokesAppReduxUITests.framework in Frameworks */,
			);
			runOnlyForDeploymentPostprocessing = 0;
		};
/* End PBXFrameworksBuildPhase section */

/* Begin PBXGroup section */
		3399F851489DBC9ABBF062F4 /* Frameworks */ = {
			isa = PBXGroup;
			children = (
				890B4E7DC455C9C0C6563E5A /* Pods_ChuckNorrisJokesAppRedux.framework */,
				0F4B475701044C5161402A77 /* Pods_ChuckNorrisJokesAppReduxTests.framework */,
				2462C51A9129F0118D3593E6 /* Pods_ChuckNorrisJokesAppReduxUITests.framework */,
			);
			name = Frameworks;
			sourceTree = "<group>";
		};
		63323F13B5F48F019AC3ADB5 /* Pods */ = {
			isa = PBXGroup;
			children = (
				4994C486512D8A50D2FBD074 /* Pods-ChuckNorrisJokesAppRedux.debug.xcconfig */,
				451387F0A7F35B50C787C985 /* Pods-ChuckNorrisJokesAppRedux.release.xcconfig */,
				26FE2E3C4AEDA8EA7E102E1F /* Pods-ChuckNorrisJokesAppReduxTests.debug.xcconfig */,
				3242D8BA9E78D3CF487C55C3 /* Pods-ChuckNorrisJokesAppReduxTests.release.xcconfig */,
				BEA91E1618D52C74CC45375E /* Pods-ChuckNorrisJokesAppReduxUITests.debug.xcconfig */,
				4E51473047F1A8CEFC681FBD /* Pods-ChuckNorrisJokesAppReduxUITests.release.xcconfig */,
			);
			path = Pods;
			sourceTree = "<group>";
		};
		6F315BB322D1083300360BBC = {
			isa = PBXGroup;
			children = (
				6F315BBE22D1083300360BBC /* ChuckNorrisJokesAppRedux */,
				6F315BD622D1083400360BBC /* ChuckNorrisJokesAppReduxTests */,
				6F315BE122D1083400360BBC /* ChuckNorrisJokesAppReduxUITests */,
				6F315BBD22D1083300360BBC /* Products */,
				63323F13B5F48F019AC3ADB5 /* Pods */,
				3399F851489DBC9ABBF062F4 /* Frameworks */,
			);
			sourceTree = "<group>";
		};
		6F315BBD22D1083300360BBC /* Products */ = {
			isa = PBXGroup;
			children = (
				6F315BBC22D1083300360BBC /* ChuckNorrisJokesAppRedux.app */,
				6F315BD322D1083400360BBC /* ChuckNorrisJokesAppReduxTests.xctest */,
				6F315BDE22D1083400360BBC /* ChuckNorrisJokesAppReduxUITests.xctest */,
			);
			name = Products;
			sourceTree = "<group>";
		};
		6F315BBE22D1083300360BBC /* ChuckNorrisJokesAppRedux */ = {
			isa = PBXGroup;
			children = (
				6F315C2C22D128B800360BBC /* Utils */,
				6F315C0A22D1104900360BBC /* Models */,
				6F315BFA22D10BC800360BBC /* Repository */,
				6F315BF022D109E000360BBC /* Joke */,
				6F315BF722D10ADA00360BBC /* Jokes */,
				6F315BF222D10A1600360BBC /* Main */,
				6F315BF122D10A0B00360BBC /* Redux */,
				6F315BBF22D1083300360BBC /* AppDelegate.swift */,
				6F315BC922D1083400360BBC /* Assets.xcassets */,
				6F315BCB22D1083400360BBC /* LaunchScreen.storyboard */,
				6F315BCE22D1083400360BBC /* Info.plist */,
			);
			path = ChuckNorrisJokesAppRedux;
			sourceTree = "<group>";
		};
		6F315BD622D1083400360BBC /* ChuckNorrisJokesAppReduxTests */ = {
			isa = PBXGroup;
			children = (
				6F315BD722D1083400360BBC /* ChuckNorrisJokesAppReduxTests.swift */,
				6F315BD922D1083400360BBC /* Info.plist */,
			);
			path = ChuckNorrisJokesAppReduxTests;
			sourceTree = "<group>";
		};
		6F315BE122D1083400360BBC /* ChuckNorrisJokesAppReduxUITests */ = {
			isa = PBXGroup;
			children = (
				6F315BE222D1083400360BBC /* ChuckNorrisJokesAppReduxUITests.swift */,
				6F315BE422D1083400360BBC /* Info.plist */,
			);
			path = ChuckNorrisJokesAppReduxUITests;
			sourceTree = "<group>";
		};
		6F315BF022D109E000360BBC /* Joke */ = {
			isa = PBXGroup;
			children = (
				6F315BF322D10A2D00360BBC /* JokeController.swift */,
				6F315C3222D12A8300360BBC /* JokeDetailsCell.swift */,
			);
			path = Joke;
			sourceTree = "<group>";
		};
		6F315BF122D10A0B00360BBC /* Redux */ = {
			isa = PBXGroup;
			children = (
				6F315C0722D10F2800360BBC /* Stores */,
				6F315BFF22D10DFF00360BBC /* Actions */,
				6F315BFE22D10DF900360BBC /* Reducers */,
				6F315BFD22D10DF400360BBC /* States */,
			);
			path = Redux;
			sourceTree = "<group>";
		};
		6F315BF222D10A1600360BBC /* Main */ = {
			isa = PBXGroup;
			children = (
				6F315BF522D10A4A00360BBC /* MainController.swift */,
			);
			path = Main;
			sourceTree = "<group>";
		};
		6F315BF722D10ADA00360BBC /* Jokes */ = {
			isa = PBXGroup;
			children = (
				6F315BF822D10B0300360BBC /* JokesController.swift */,
			);
			path = Jokes;
			sourceTree = "<group>";
		};
		6F315BFA22D10BC800360BBC /* Repository */ = {
			isa = PBXGroup;
			children = (
				6F315BFB22D10BD900360BBC /* JokeService.swift */,
			);
			path = Repository;
			sourceTree = "<group>";
		};
		6F315BFD22D10DF400360BBC /* States */ = {
			isa = PBXGroup;
			children = (
				6F315C0022D10E1100360BBC /* AppState.swift */,
				6F315C0822D10F5000360BBC /* JokeState.swift */,
			);
			path = States;
			sourceTree = "<group>";
		};
		6F315BFE22D10DF900360BBC /* Reducers */ = {
			isa = PBXGroup;
			children = (
				6F315C0222D10E2200360BBC /* AppReducer.swift */,
				6F315C2A22D11B3200360BBC /* JokesReducer.swift */,
			);
			path = Reducers;
			sourceTree = "<group>";
		};
		6F315BFF22D10DFF00360BBC /* Actions */ = {
			isa = PBXGroup;
			children = (
				6F315C2822D118D100360BBC /* JokeActions.swift */,
			);
			path = Actions;
			sourceTree = "<group>";
		};
		6F315C0722D10F2800360BBC /* Stores */ = {
			isa = PBXGroup;
			children = (
				6F315C0522D10E5100360BBC /* Store.swift */,
			);
			path = Stores;
			sourceTree = "<group>";
		};
		6F315C0A22D1104900360BBC /* Models */ = {
			isa = PBXGroup;
			children = (
				6F315C2022D1162400360BBC /* Joke.swift */,
			);
			path = Models;
			sourceTree = "<group>";
		};
		6F315C2C22D128B800360BBC /* Utils */ = {
			isa = PBXGroup;
			children = (
				6F315C2D22D128D800360BBC /* Extensions */,
				6F315C3422D12E0400360BBC /* Spacing.swift */,
			);
			path = Utils;
			sourceTree = "<group>";
		};
		6F315C2D22D128D800360BBC /* Extensions */ = {
			isa = PBXGroup;
			children = (
				6F315C3022D129D600360BBC /* UITableViewExtension.swift */,
				6F315C2E22D128EF00360BBC /* UITableViewCellExtension.swift */,
			);
			path = Extensions;
			sourceTree = "<group>";
		};
/* End PBXGroup section */

/* Begin PBXNativeTarget section */
		6F315BBB22D1083300360BBC /* ChuckNorrisJokesAppRedux */ = {
			isa = PBXNativeTarget;
			buildConfigurationList = 6F315BE722D1083400360BBC /* Build configuration list for PBXNativeTarget "ChuckNorrisJokesAppRedux" */;
			buildPhases = (
				7A8076E856A62A8D4E480584 /* [CP] Check Pods Manifest.lock */,
				6F315BB822D1083300360BBC /* Sources */,
				6F315BB922D1083300360BBC /* Frameworks */,
				6F315BBA22D1083300360BBC /* Resources */,
				731BAA9D0D9881DFCA50634C /* [CP] Embed Pods Frameworks */,
			);
			buildRules = (
			);
			dependencies = (
			);
			name = ChuckNorrisJokesAppRedux;
			productName = ChuckNorrisJokesAppRedux;
			productReference = 6F315BBC22D1083300360BBC /* ChuckNorrisJokesAppRedux.app */;
			productType = "com.apple.product-type.application";
		};
		6F315BD222D1083400360BBC /* ChuckNorrisJokesAppReduxTests */ = {
			isa = PBXNativeTarget;
			buildConfigurationList = 6F315BEA22D1083400360BBC /* Build configuration list for PBXNativeTarget "ChuckNorrisJokesAppReduxTests" */;
			buildPhases = (
				4AF0C199181830CA8F52262A /* [CP] Check Pods Manifest.lock */,
				6F315BCF22D1083400360BBC /* Sources */,
				6F315BD022D1083400360BBC /* Frameworks */,
				6F315BD122D1083400360BBC /* Resources */,
			);
			buildRules = (
			);
			dependencies = (
				6F315BD522D1083400360BBC /* PBXTargetDependency */,
			);
			name = ChuckNorrisJokesAppReduxTests;
			productName = ChuckNorrisJokesAppReduxTests;
			productReference = 6F315BD322D1083400360BBC /* ChuckNorrisJokesAppReduxTests.xctest */;
			productType = "com.apple.product-type.bundle.unit-test";
		};
		6F315BDD22D1083400360BBC /* ChuckNorrisJokesAppReduxUITests */ = {
			isa = PBXNativeTarget;
			buildConfigurationList = 6F315BED22D1083400360BBC /* Build configuration list for PBXNativeTarget "ChuckNorrisJokesAppReduxUITests" */;
			buildPhases = (
				4C06CB949C8A06F8F742FC88 /* [CP] Check Pods Manifest.lock */,
				6F315BDA22D1083400360BBC /* Sources */,
				6F315BDB22D1083400360BBC /* Frameworks */,
				6F315BDC22D1083400360BBC /* Resources */,
			);
			buildRules = (
			);
			dependencies = (
				6F315BE022D1083400360BBC /* PBXTargetDependency */,
			);
			name = ChuckNorrisJokesAppReduxUITests;
			productName = ChuckNorrisJokesAppReduxUITests;
			productReference = 6F315BDE22D1083400360BBC /* ChuckNorrisJokesAppReduxUITests.xctest */;
			productType = "com.apple.product-type.bundle.ui-testing";
		};
/* End PBXNativeTarget section */

/* Begin PBXProject section */
		6F315BB422D1083300360BBC /* Project object */ = {
			isa = PBXProject;
			attributes = {
				LastSwiftUpdateCheck = 1020;
				LastUpgradeCheck = 1020;
				ORGANIZATIONNAME = "Mariusz Sut";
				TargetAttributes = {
					6F315BBB22D1083300360BBC = {
						CreatedOnToolsVersion = 10.2.1;
					};
					6F315BD222D1083400360BBC = {
						CreatedOnToolsVersion = 10.2.1;
						TestTargetID = 6F315BBB22D1083300360BBC;
					};
					6F315BDD22D1083400360BBC = {
						CreatedOnToolsVersion = 10.2.1;
						TestTargetID = 6F315BBB22D1083300360BBC;
					};
				};
			};
			buildConfigurationList = 6F315BB722D1083300360BBC /* Build configuration list for PBXProject "ChuckNorrisJokesAppRedux" */;
			compatibilityVersion = "Xcode 9.3";
			developmentRegion = en;
			hasScannedForEncodings = 0;
			knownRegions = (
				en,
				Base,
			);
			mainGroup = 6F315BB322D1083300360BBC;
			productRefGroup = 6F315BBD22D1083300360BBC /* Products */;
			projectDirPath = "";
			projectRoot = "";
			targets = (
				6F315BBB22D1083300360BBC /* ChuckNorrisJokesAppRedux */,
				6F315BD222D1083400360BBC /* ChuckNorrisJokesAppReduxTests */,
				6F315BDD22D1083400360BBC /* ChuckNorrisJokesAppReduxUITests */,
			);
		};
/* End PBXProject section */

/* Begin PBXResourcesBuildPhase section */
		6F315BBA22D1083300360BBC /* Resources */ = {
			isa = PBXResourcesBuildPhase;
			buildActionMask = 2147483647;
			files = (
				6F315BCD22D1083400360BBC /* LaunchScreen.storyboard in Resources */,
				6F315BCA22D1083400360BBC /* Assets.xcassets in Resources */,
			);
			runOnlyForDeploymentPostprocessing = 0;
		};
		6F315BD122D1083400360BBC /* Resources */ = {
			isa = PBXResourcesBuildPhase;
			buildActionMask = 2147483647;
			files = (
			);
			runOnlyForDeploymentPostprocessing = 0;
		};
		6F315BDC22D1083400360BBC /* Resources */ = {
			isa = PBXResourcesBuildPhase;
			buildActionMask = 2147483647;
			files = (
			);
			runOnlyForDeploymentPostprocessing = 0;
		};
/* End PBXResourcesBuildPhase section */

/* Begin PBXShellScriptBuildPhase section */
		4AF0C199181830CA8F52262A /* [CP] Check Pods Manifest.lock */ = {
			isa = PBXShellScriptBuildPhase;
			buildActionMask = 2147483647;
			files = (
			);
			inputFileListPaths = (
			);
			inputPaths = (
				"${PODS_PODFILE_DIR_PATH}/Podfile.lock",
				"${PODS_ROOT}/Manifest.lock",
			);
			name = "[CP] Check Pods Manifest.lock";
			outputFileListPaths = (
			);
			outputPaths = (
				"$(DERIVED_FILE_DIR)/Pods-ChuckNorrisJokesAppReduxTests-checkManifestLockResult.txt",
			);
			runOnlyForDeploymentPostprocessing = 0;
			shellPath = /bin/sh;
			shellScript = "diff \"${PODS_PODFILE_DIR_PATH}/Podfile.lock\" \"${PODS_ROOT}/Manifest.lock\" > /dev/null\nif [ $? != 0 ] ; then\n    # print error to STDERR\n    echo \"error: The sandbox is not in sync with the Podfile.lock. Run 'pod install' or update your CocoaPods installation.\" >&2\n    exit 1\nfi\n# This output is used by Xcode 'outputs' to avoid re-running this script phase.\necho \"SUCCESS\" > \"${SCRIPT_OUTPUT_FILE_0}\"\n";
			showEnvVarsInLog = 0;
		};
		4C06CB949C8A06F8F742FC88 /* [CP] Check Pods Manifest.lock */ = {
			isa = PBXShellScriptBuildPhase;
			buildActionMask = 2147483647;
			files = (
			);
			inputFileListPaths = (
			);
			inputPaths = (
				"${PODS_PODFILE_DIR_PATH}/Podfile.lock",
				"${PODS_ROOT}/Manifest.lock",
			);
			name = "[CP] Check Pods Manifest.lock";
			outputFileListPaths = (
			);
			outputPaths = (
				"$(DERIVED_FILE_DIR)/Pods-ChuckNorrisJokesAppReduxUITests-checkManifestLockResult.txt",
			);
			runOnlyForDeploymentPostprocessing = 0;
			shellPath = /bin/sh;
			shellScript = "diff \"${PODS_PODFILE_DIR_PATH}/Podfile.lock\" \"${PODS_ROOT}/Manifest.lock\" > /dev/null\nif [ $? != 0 ] ; then\n    # print error to STDERR\n    echo \"error: The sandbox is not in sync with the Podfile.lock. Run 'pod install' or update your CocoaPods installation.\" >&2\n    exit 1\nfi\n# This output is used by Xcode 'outputs' to avoid re-running this script phase.\necho \"SUCCESS\" > \"${SCRIPT_OUTPUT_FILE_0}\"\n";
			showEnvVarsInLog = 0;
		};
		731BAA9D0D9881DFCA50634C /* [CP] Embed Pods Frameworks */ = {
			isa = PBXShellScriptBuildPhase;
			buildActionMask = 2147483647;
			files = (
			);
			inputFileListPaths = (
				"${PODS_ROOT}/Target Support Files/Pods-ChuckNorrisJokesAppRedux/Pods-ChuckNorrisJokesAppRedux-frameworks-${CONFIGURATION}-input-files.xcfilelist",
			);
			name = "[CP] Embed Pods Frameworks";
			outputFileListPaths = (
				"${PODS_ROOT}/Target Support Files/Pods-ChuckNorrisJokesAppRedux/Pods-ChuckNorrisJokesAppRedux-frameworks-${CONFIGURATION}-output-files.xcfilelist",
			);
			runOnlyForDeploymentPostprocessing = 0;
			shellPath = /bin/sh;
			shellScript = "\"${PODS_ROOT}/Target Support Files/Pods-ChuckNorrisJokesAppRedux/Pods-ChuckNorrisJokesAppRedux-frameworks.sh\"\n";
			showEnvVarsInLog = 0;
		};
		7A8076E856A62A8D4E480584 /* [CP] Check Pods Manifest.lock */ = {
			isa = PBXShellScriptBuildPhase;
			buildActionMask = 2147483647;
			files = (
			);
			inputFileListPaths = (
			);
			inputPaths = (
				"${PODS_PODFILE_DIR_PATH}/Podfile.lock",
				"${PODS_ROOT}/Manifest.lock",
			);
			name = "[CP] Check Pods Manifest.lock";
			outputFileListPaths = (
			);
			outputPaths = (
				"$(DERIVED_FILE_DIR)/Pods-ChuckNorrisJokesAppRedux-checkManifestLockResult.txt",
			);
			runOnlyForDeploymentPostprocessing = 0;
			shellPath = /bin/sh;
			shellScript = "diff \"${PODS_PODFILE_DIR_PATH}/Podfile.lock\" \"${PODS_ROOT}/Manifest.lock\" > /dev/null\nif [ $? != 0 ] ; then\n    # print error to STDERR\n    echo \"error: The sandbox is not in sync with the Podfile.lock. Run 'pod install' or update your CocoaPods installation.\" >&2\n    exit 1\nfi\n# This output is used by Xcode 'outputs' to avoid re-running this script phase.\necho \"SUCCESS\" > \"${SCRIPT_OUTPUT_FILE_0}\"\n";
			showEnvVarsInLog = 0;
		};
/* End PBXShellScriptBuildPhase section */

/* Begin PBXSourcesBuildPhase section */
		6F315BB822D1083300360BBC /* Sources */ = {
			isa = PBXSourcesBuildPhase;
			buildActionMask = 2147483647;
			files = (
				6F315BF622D10A4A00360BBC /* MainController.swift in Sources */,
				6F315C2922D118D100360BBC /* JokeActions.swift in Sources */,
				6F315C0122D10E1100360BBC /* AppState.swift in Sources */,
				6F315C2F22D128EF00360BBC /* UITableViewCellExtension.swift in Sources */,
				6F315C0622D10E5100360BBC /* Store.swift in Sources */,
				6F315C2422D1162400360BBC /* Joke.swift in Sources */,
				6F315C0922D10F5000360BBC /* JokeState.swift in Sources */,
				6F315BF422D10A2D00360BBC /* JokeController.swift in Sources */,
				6F315C3322D12A8300360BBC /* JokeDetailsCell.swift in Sources */,
				6F315C2B22D11B3200360BBC /* JokesReducer.swift in Sources */,
				6F315BC022D1083300360BBC /* AppDelegate.swift in Sources */,
				6F315BFC22D10BD900360BBC /* JokeService.swift in Sources */,
				6F315C0322D10E2200360BBC /* AppReducer.swift in Sources */,
				6F315C3522D12E0400360BBC /* Spacing.swift in Sources */,
				6F315BF922D10B0300360BBC /* JokesController.swift in Sources */,
				6F315C3122D129D600360BBC /* UITableViewExtension.swift in Sources */,
			);
			runOnlyForDeploymentPostprocessing = 0;
		};
		6F315BCF22D1083400360BBC /* Sources */ = {
			isa = PBXSourcesBuildPhase;
			buildActionMask = 2147483647;
			files = (
				6F315BD822D1083400360BBC /* ChuckNorrisJokesAppReduxTests.swift in Sources */,
			);
			runOnlyForDeploymentPostprocessing = 0;
		};
		6F315BDA22D1083400360BBC /* Sources */ = {
			isa = PBXSourcesBuildPhase;
			buildActionMask = 2147483647;
			files = (
				6F315BE322D1083400360BBC /* ChuckNorrisJokesAppReduxUITests.swift in Sources */,
			);
			runOnlyForDeploymentPostprocessing = 0;
		};
/* End PBXSourcesBuildPhase section */

/* Begin PBXTargetDependency section */
		6F315BD522D1083400360BBC /* PBXTargetDependency */ = {
			isa = PBXTargetDependency;
			target = 6F315BBB22D1083300360BBC /* ChuckNorrisJokesAppRedux */;
			targetProxy = 6F315BD422D1083400360BBC /* PBXContainerItemProxy */;
		};
		6F315BE022D1083400360BBC /* PBXTargetDependency */ = {
			isa = PBXTargetDependency;
			target = 6F315BBB22D1083300360BBC /* ChuckNorrisJokesAppRedux */;
			targetProxy = 6F315BDF22D1083400360BBC /* PBXContainerItemProxy */;
		};
/* End PBXTargetDependency section */

/* Begin PBXVariantGroup section */
		6F315BCB22D1083400360BBC /* LaunchScreen.storyboard */ = {
			isa = PBXVariantGroup;
			children = (
				6F315BCC22D1083400360BBC /* Base */,
			);
			name = LaunchScreen.storyboard;
			sourceTree = "<group>";
		};
/* End PBXVariantGroup section */

/* Begin XCBuildConfiguration section */
		6F315BE522D1083400360BBC /* Debug */ = {
			isa = XCBuildConfiguration;
			buildSettings = {
				ALWAYS_SEARCH_USER_PATHS = NO;
				CLANG_ANALYZER_NONNULL = YES;
				CLANG_ANALYZER_NUMBER_OBJECT_CONVERSION = YES_AGGRESSIVE;
				CLANG_CXX_LANGUAGE_STANDARD = "gnu++14";
				CLANG_CXX_LIBRARY = "libc++";
				CLANG_ENABLE_MODULES = YES;
				CLANG_ENABLE_OBJC_ARC = YES;
				CLANG_ENABLE_OBJC_WEAK = YES;
				CLANG_WARN_BLOCK_CAPTURE_AUTORELEASING = YES;
				CLANG_WARN_BOOL_CONVERSION = YES;
				CLANG_WARN_COMMA = YES;
				CLANG_WARN_CONSTANT_CONVERSION = YES;
				CLANG_WARN_DEPRECATED_OBJC_IMPLEMENTATIONS = YES;
				CLANG_WARN_DIRECT_OBJC_ISA_USAGE = YES_ERROR;
				CLANG_WARN_DOCUMENTATION_COMMENTS = YES;
				CLANG_WARN_EMPTY_BODY = YES;
				CLANG_WARN_ENUM_CONVERSION = YES;
				CLANG_WARN_INFINITE_RECURSION = YES;
				CLANG_WARN_INT_CONVERSION = YES;
				CLANG_WARN_NON_LITERAL_NULL_CONVERSION = YES;
				CLANG_WARN_OBJC_IMPLICIT_RETAIN_SELF = YES;
				CLANG_WARN_OBJC_LITERAL_CONVERSION = YES;
				CLANG_WARN_OBJC_ROOT_CLASS = YES_ERROR;
				CLANG_WARN_RANGE_LOOP_ANALYSIS = YES;
				CLANG_WARN_STRICT_PROTOTYPES = YES;
				CLANG_WARN_SUSPICIOUS_MOVE = YES;
				CLANG_WARN_UNGUARDED_AVAILABILITY = YES_AGGRESSIVE;
				CLANG_WARN_UNREACHABLE_CODE = YES;
				CLANG_WARN__DUPLICATE_METHOD_MATCH = YES;
				CODE_SIGN_IDENTITY = "iPhone Developer";
				COPY_PHASE_STRIP = NO;
				DEBUG_INFORMATION_FORMAT = dwarf;
				ENABLE_STRICT_OBJC_MSGSEND = YES;
				ENABLE_TESTABILITY = YES;
				GCC_C_LANGUAGE_STANDARD = gnu11;
				GCC_DYNAMIC_NO_PIC = NO;
				GCC_NO_COMMON_BLOCKS = YES;
				GCC_OPTIMIZATION_LEVEL = 0;
				GCC_PREPROCESSOR_DEFINITIONS = (
					"DEBUG=1",
					"$(inherited)",
				);
				GCC_WARN_64_TO_32_BIT_CONVERSION = YES;
				GCC_WARN_ABOUT_RETURN_TYPE = YES_ERROR;
				GCC_WARN_UNDECLARED_SELECTOR = YES;
				GCC_WARN_UNINITIALIZED_AUTOS = YES_AGGRESSIVE;
				GCC_WARN_UNUSED_FUNCTION = YES;
				GCC_WARN_UNUSED_VARIABLE = YES;
				IPHONEOS_DEPLOYMENT_TARGET = 12.2;
				MTL_ENABLE_DEBUG_INFO = INCLUDE_SOURCE;
				MTL_FAST_MATH = YES;
				ONLY_ACTIVE_ARCH = YES;
				SDKROOT = iphoneos;
				SWIFT_ACTIVE_COMPILATION_CONDITIONS = DEBUG;
				SWIFT_OPTIMIZATION_LEVEL = "-Onone";
			};
			name = Debug;
		};
		6F315BE622D1083400360BBC /* Release */ = {
			isa = XCBuildConfiguration;
			buildSettings = {
				ALWAYS_SEARCH_USER_PATHS = NO;
				CLANG_ANALYZER_NONNULL = YES;
				CLANG_ANALYZER_NUMBER_OBJECT_CONVERSION = YES_AGGRESSIVE;
				CLANG_CXX_LANGUAGE_STANDARD = "gnu++14";
				CLANG_CXX_LIBRARY = "libc++";
				CLANG_ENABLE_MODULES = YES;
				CLANG_ENABLE_OBJC_ARC = YES;
				CLANG_ENABLE_OBJC_WEAK = YES;
				CLANG_WARN_BLOCK_CAPTURE_AUTORELEASING = YES;
				CLANG_WARN_BOOL_CONVERSION = YES;
				CLANG_WARN_COMMA = YES;
				CLANG_WARN_CONSTANT_CONVERSION = YES;
				CLANG_WARN_DEPRECATED_OBJC_IMPLEMENTATIONS = YES;
				CLANG_WARN_DIRECT_OBJC_ISA_USAGE = YES_ERROR;
				CLANG_WARN_DOCUMENTATION_COMMENTS = YES;
				CLANG_WARN_EMPTY_BODY = YES;
				CLANG_WARN_ENUM_CONVERSION = YES;
				CLANG_WARN_INFINITE_RECURSION = YES;
				CLANG_WARN_INT_CONVERSION = YES;
				CLANG_WARN_NON_LITERAL_NULL_CONVERSION = YES;
				CLANG_WARN_OBJC_IMPLICIT_RETAIN_SELF = YES;
				CLANG_WARN_OBJC_LITERAL_CONVERSION = YES;
				CLANG_WARN_OBJC_ROOT_CLASS = YES_ERROR;
				CLANG_WARN_RANGE_LOOP_ANALYSIS = YES;
				CLANG_WARN_STRICT_PROTOTYPES = YES;
				CLANG_WARN_SUSPICIOUS_MOVE = YES;
				CLANG_WARN_UNGUARDED_AVAILABILITY = YES_AGGRESSIVE;
				CLANG_WARN_UNREACHABLE_CODE = YES;
				CLANG_WARN__DUPLICATE_METHOD_MATCH = YES;
				CODE_SIGN_IDENTITY = "iPhone Developer";
				COPY_PHASE_STRIP = NO;
				DEBUG_INFORMATION_FORMAT = "dwarf-with-dsym";
				ENABLE_NS_ASSERTIONS = NO;
				ENABLE_STRICT_OBJC_MSGSEND = YES;
				GCC_C_LANGUAGE_STANDARD = gnu11;
				GCC_NO_COMMON_BLOCKS = YES;
				GCC_WARN_64_TO_32_BIT_CONVERSION = YES;
				GCC_WARN_ABOUT_RETURN_TYPE = YES_ERROR;
				GCC_WARN_UNDECLARED_SELECTOR = YES;
				GCC_WARN_UNINITIALIZED_AUTOS = YES_AGGRESSIVE;
				GCC_WARN_UNUSED_FUNCTION = YES;
				GCC_WARN_UNUSED_VARIABLE = YES;
				IPHONEOS_DEPLOYMENT_TARGET = 12.2;
				MTL_ENABLE_DEBUG_INFO = NO;
				MTL_FAST_MATH = YES;
				SDKROOT = iphoneos;
				SWIFT_COMPILATION_MODE = wholemodule;
				SWIFT_OPTIMIZATION_LEVEL = "-O";
				VALIDATE_PRODUCT = YES;
			};
			name = Release;
		};
		6F315BE822D1083400360BBC /* Debug */ = {
			isa = XCBuildConfiguration;
			baseConfigurationReference = 4994C486512D8A50D2FBD074 /* Pods-ChuckNorrisJokesAppRedux.debug.xcconfig */;
			buildSettings = {
				ASSETCATALOG_COMPILER_APPICON_NAME = AppIcon;
				CODE_SIGN_STYLE = Automatic;
				DEVELOPMENT_TEAM = F8MY77QSLQ;
				INFOPLIST_FILE = ChuckNorrisJokesAppRedux/Info.plist;
				LD_RUNPATH_SEARCH_PATHS = (
					"$(inherited)",
					"@executable_path/Frameworks",
				);
				PRODUCT_BUNDLE_IDENTIFIER = com.msut.ChuckNorrisJokesAppRedux;
				PRODUCT_NAME = "$(TARGET_NAME)";
				SWIFT_VERSION = 5.0;
				TARGETED_DEVICE_FAMILY = "1,2";
			};
			name = Debug;
		};
		6F315BE922D1083400360BBC /* Release */ = {
			isa = XCBuildConfiguration;
			baseConfigurationReference = 451387F0A7F35B50C787C985 /* Pods-ChuckNorrisJokesAppRedux.release.xcconfig */;
			buildSettings = {
				ASSETCATALOG_COMPILER_APPICON_NAME = AppIcon;
				CODE_SIGN_STYLE = Automatic;
				DEVELOPMENT_TEAM = F8MY77QSLQ;
				INFOPLIST_FILE = ChuckNorrisJokesAppRedux/Info.plist;
				LD_RUNPATH_SEARCH_PATHS = (
					"$(inherited)",
					"@executable_path/Frameworks",
				);
				PRODUCT_BUNDLE_IDENTIFIER = com.msut.ChuckNorrisJokesAppRedux;
				PRODUCT_NAME = "$(TARGET_NAME)";
				SWIFT_VERSION = 5.0;
				TARGETED_DEVICE_FAMILY = "1,2";
			};
			name = Release;
		};
		6F315BEB22D1083400360BBC /* Debug */ = {
			isa = XCBuildConfiguration;
			baseConfigurationReference = 26FE2E3C4AEDA8EA7E102E1F /* Pods-ChuckNorrisJokesAppReduxTests.debug.xcconfig */;
			buildSettings = {
				ALWAYS_EMBED_SWIFT_STANDARD_LIBRARIES = YES;
				BUNDLE_LOADER = "$(TEST_HOST)";
				CODE_SIGN_STYLE = Automatic;
				DEVELOPMENT_TEAM = F8MY77QSLQ;
				INFOPLIST_FILE = ChuckNorrisJokesAppReduxTests/Info.plist;
				LD_RUNPATH_SEARCH_PATHS = (
					"$(inherited)",
					"@executable_path/Frameworks",
					"@loader_path/Frameworks",
				);
				PRODUCT_BUNDLE_IDENTIFIER = com.msut.ChuckNorrisJokesAppReduxTests;
				PRODUCT_NAME = "$(TARGET_NAME)";
				SWIFT_VERSION = 5.0;
				TARGETED_DEVICE_FAMILY = "1,2";
				TEST_HOST = "$(BUILT_PRODUCTS_DIR)/ChuckNorrisJokesAppRedux.app/ChuckNorrisJokesAppRedux";
			};
			name = Debug;
		};
		6F315BEC22D1083400360BBC /* Release */ = {
			isa = XCBuildConfiguration;
			baseConfigurationReference = 3242D8BA9E78D3CF487C55C3 /* Pods-ChuckNorrisJokesAppReduxTests.release.xcconfig */;
			buildSettings = {
				ALWAYS_EMBED_SWIFT_STANDARD_LIBRARIES = YES;
				BUNDLE_LOADER = "$(TEST_HOST)";
				CODE_SIGN_STYLE = Automatic;
				DEVELOPMENT_TEAM = F8MY77QSLQ;
				INFOPLIST_FILE = ChuckNorrisJokesAppReduxTests/Info.plist;
				LD_RUNPATH_SEARCH_PATHS = (
					"$(inherited)",
					"@executable_path/Frameworks",
					"@loader_path/Frameworks",
				);
				PRODUCT_BUNDLE_IDENTIFIER = com.msut.ChuckNorrisJokesAppReduxTests;
				PRODUCT_NAME = "$(TARGET_NAME)";
				SWIFT_VERSION = 5.0;
				TARGETED_DEVICE_FAMILY = "1,2";
				TEST_HOST = "$(BUILT_PRODUCTS_DIR)/ChuckNorrisJokesAppRedux.app/ChuckNorrisJokesAppRedux";
			};
			name = Release;
		};
		6F315BEE22D1083400360BBC /* Debug */ = {
			isa = XCBuildConfiguration;
			baseConfigurationReference = BEA91E1618D52C74CC45375E /* Pods-ChuckNorrisJokesAppReduxUITests.debug.xcconfig */;
			buildSettings = {
				ALWAYS_EMBED_SWIFT_STANDARD_LIBRARIES = YES;
				CODE_SIGN_STYLE = Automatic;
				DEVELOPMENT_TEAM = F8MY77QSLQ;
				INFOPLIST_FILE = ChuckNorrisJokesAppReduxUITests/Info.plist;
				LD_RUNPATH_SEARCH_PATHS = (
					"$(inherited)",
					"@executable_path/Frameworks",
					"@loader_path/Frameworks",
				);
				PRODUCT_BUNDLE_IDENTIFIER = com.msut.ChuckNorrisJokesAppReduxUITests;
				PRODUCT_NAME = "$(TARGET_NAME)";
				SWIFT_VERSION = 5.0;
				TARGETED_DEVICE_FAMILY = "1,2";
				TEST_TARGET_NAME = ChuckNorrisJokesAppRedux;
			};
			name = Debug;
		};
		6F315BEF22D1083400360BBC /* Release */ = {
			isa = XCBuildConfiguration;
			baseConfigurationReference = 4E51473047F1A8CEFC681FBD /* Pods-ChuckNorrisJokesAppReduxUITests.release.xcconfig */;
			buildSettings = {
				ALWAYS_EMBED_SWIFT_STANDARD_LIBRARIES = YES;
				CODE_SIGN_STYLE = Automatic;
				DEVELOPMENT_TEAM = F8MY77QSLQ;
				INFOPLIST_FILE = ChuckNorrisJokesAppReduxUITests/Info.plist;
				LD_RUNPATH_SEARCH_PATHS = (
					"$(inherited)",
					"@executable_path/Frameworks",
					"@loader_path/Frameworks",
				);
				PRODUCT_BUNDLE_IDENTIFIER = com.msut.ChuckNorrisJokesAppReduxUITests;
				PRODUCT_NAME = "$(TARGET_NAME)";
				SWIFT_VERSION = 5.0;
				TARGETED_DEVICE_FAMILY = "1,2";
				TEST_TARGET_NAME = ChuckNorrisJokesAppRedux;
			};
			name = Release;
		};
/* End XCBuildConfiguration section */

/* Begin XCConfigurationList section */
		6F315BB722D1083300360BBC /* Build configuration list for PBXProject "ChuckNorrisJokesAppRedux" */ = {
			isa = XCConfigurationList;
			buildConfigurations = (
				6F315BE522D1083400360BBC /* Debug */,
				6F315BE622D1083400360BBC /* Release */,
			);
			defaultConfigurationIsVisible = 0;
			defaultConfigurationName = Release;
		};
		6F315BE722D1083400360BBC /* Build configuration list for PBXNativeTarget "ChuckNorrisJokesAppRedux" */ = {
			isa = XCConfigurationList;
			buildConfigurations = (
				6F315BE822D1083400360BBC /* Debug */,
				6F315BE922D1083400360BBC /* Release */,
			);
			defaultConfigurationIsVisible = 0;
			defaultConfigurationName = Release;
		};
		6F315BEA22D1083400360BBC /* Build configuration list for PBXNativeTarget "ChuckNorrisJokesAppReduxTests" */ = {
			isa = XCConfigurationList;
			buildConfigurations = (
				6F315BEB22D1083400360BBC /* Debug */,
				6F315BEC22D1083400360BBC /* Release */,
			);
			defaultConfigurationIsVisible = 0;
			defaultConfigurationName = Release;
		};
		6F315BED22D1083400360BBC /* Build configuration list for PBXNativeTarget "ChuckNorrisJokesAppReduxUITests" */ = {
			isa = XCConfigurationList;
			buildConfigurations = (
				6F315BEE22D1083400360BBC /* Debug */,
				6F315BEF22D1083400360BBC /* Release */,
			);
			defaultConfigurationIsVisible = 0;
			defaultConfigurationName = Release;
		};
/* End XCConfigurationList section */
	};
	rootObject = 6F315BB422D1083300360BBC /* Project object */;
}
